// !$*UTF8*$!
{
	archiveVersion = 1;
	classes = {
	};
	objectVersion = 50;
	objects = {

/* Begin PBXBuildFile section */
		0308AF1E25A2FD610005925A /* AppDelegate.swift in Sources */ = {isa = PBXBuildFile; fileRef = 0308AF1D25A2FD610005925A /* AppDelegate.swift */; };
		0308AF2025A2FD610005925A /* SceneDelegate.swift in Sources */ = {isa = PBXBuildFile; fileRef = 0308AF1F25A2FD610005925A /* SceneDelegate.swift */; };
		0308AF2225A2FD610005925A /* ProfileVC.swift in Sources */ = {isa = PBXBuildFile; fileRef = 0308AF2125A2FD610005925A /* ProfileVC.swift */; };
		0308AF2725A2FD620005925A /* Assets.xcassets in Resources */ = {isa = PBXBuildFile; fileRef = 0308AF2625A2FD620005925A /* Assets.xcassets */; };
		0308AF2A25A2FD620005925A /* LaunchScreen.storyboard in Resources */ = {isa = PBXBuildFile; fileRef = 0308AF2825A2FD620005925A /* LaunchScreen.storyboard */; };
		0308AF3825A31C310005925A /* EmailVC.swift in Sources */ = {isa = PBXBuildFile; fileRef = 0308AF3725A31C310005925A /* EmailVC.swift */; };
		0308AF3E25A32D900005925A /* ProfileView.swift in Sources */ = {isa = PBXBuildFile; fileRef = 0308AF3D25A32D900005925A /* ProfileView.swift */; };
		0308AF4125A40E210005925A /* EmailView.swift in Sources */ = {isa = PBXBuildFile; fileRef = 0308AF4025A40E210005925A /* EmailView.swift */; };
		035A38FF25F0B7F7003D1216 /* viewcontroller.swift in Sources */ = {isa = PBXBuildFile; fileRef = 035A38FE25F0B7F7003D1216 /* viewcontroller.swift */; };
		035A390225F0B913003D1216 /* Validator.swift in Sources */ = {isa = PBXBuildFile; fileRef = 035A390125F0B913003D1216 /* Validator.swift */; };
		035A390525F0B983003D1216 /* FieldValidator.swift in Sources */ = {isa = PBXBuildFile; fileRef = 035A390425F0B983003D1216 /* FieldValidator.swift */; };
		035A390A25F0BB1F003D1216 /* view.swift in Sources */ = {isa = PBXBuildFile; fileRef = 035A390925F0BB1F003D1216 /* view.swift */; };
/* End PBXBuildFile section */

/* Begin PBXFileReference section */
		0308AF1A25A2FD610005925A /* First.app */ = {isa = PBXFileReference; explicitFileType = wrapper.application; includeInIndex = 0; path = First.app; sourceTree = BUILT_PRODUCTS_DIR; };
		0308AF1D25A2FD610005925A /* AppDelegate.swift */ = {isa = PBXFileReference; lastKnownFileType = sourcecode.swift; path = AppDelegate.swift; sourceTree = "<group>"; };
		0308AF1F25A2FD610005925A /* SceneDelegate.swift */ = {isa = PBXFileReference; lastKnownFileType = sourcecode.swift; path = SceneDelegate.swift; sourceTree = "<group>"; };
		0308AF2125A2FD610005925A /* ProfileVC.swift */ = {isa = PBXFileReference; lastKnownFileType = sourcecode.swift; path = ProfileVC.swift; sourceTree = "<group>"; };
		0308AF2625A2FD620005925A /* Assets.xcassets */ = {isa = PBXFileReference; lastKnownFileType = folder.assetcatalog; path = Assets.xcassets; sourceTree = "<group>"; };
		0308AF2925A2FD620005925A /* Base */ = {isa = PBXFileReference; lastKnownFileType = file.storyboard; name = Base; path = Base.lproj/LaunchScreen.storyboard; sourceTree = "<group>"; };
		0308AF2B25A2FD620005925A /* Info.plist */ = {isa = PBXFileReference; lastKnownFileType = text.plist.xml; path = Info.plist; sourceTree = "<group>"; };
		0308AF3725A31C310005925A /* EmailVC.swift */ = {isa = PBXFileReference; lastKnownFileType = sourcecode.swift; path = EmailVC.swift; sourceTree = "<group>"; };
		0308AF3D25A32D900005925A /* ProfileView.swift */ = {isa = PBXFileReference; lastKnownFileType = sourcecode.swift; path = ProfileView.swift; sourceTree = "<group>"; };
		0308AF4025A40E210005925A /* EmailView.swift */ = {isa = PBXFileReference; lastKnownFileType = sourcecode.swift; path = EmailView.swift; sourceTree = "<group>"; };
		035A38FE25F0B7F7003D1216 /* viewcontroller.swift */ = {isa = PBXFileReference; lastKnownFileType = sourcecode.swift; path = viewcontroller.swift; sourceTree = "<group>"; };
		035A390125F0B913003D1216 /* Validator.swift */ = {isa = PBXFileReference; lastKnownFileType = sourcecode.swift; path = Validator.swift; sourceTree = "<group>"; };
		035A390425F0B983003D1216 /* FieldValidator.swift */ = {isa = PBXFileReference; lastKnownFileType = sourcecode.swift; path = FieldValidator.swift; sourceTree = "<group>"; };
		035A390925F0BB1F003D1216 /* view.swift */ = {isa = PBXFileReference; lastKnownFileType = sourcecode.swift; path = view.swift; sourceTree = "<group>"; };
/* End PBXFileReference section */

/* Begin PBXFrameworksBuildPhase section */
		0308AF1725A2FD610005925A /* Frameworks */ = {
			isa = PBXFrameworksBuildPhase;
			buildActionMask = 2147483647;
			files = (
			);
			runOnlyForDeploymentPostprocessing = 0;
		};
/* End PBXFrameworksBuildPhase section */

/* Begin PBXGroup section */
		0308AF1125A2FD610005925A = {
			isa = PBXGroup;
			children = (
				0308AF1C25A2FD610005925A /* First */,
				0308AF1B25A2FD610005925A /* Products */,
			);
			sourceTree = "<group>";
		};
		0308AF1B25A2FD610005925A /* Products */ = {
			isa = PBXGroup;
			children = (
				0308AF1A25A2FD610005925A /* First.app */,
			);
			name = Products;
			sourceTree = "<group>";
		};
		0308AF1C25A2FD610005925A /* First */ = {
			isa = PBXGroup;
			children = (
				0308AF3B25A32D580005925A /* Email */,
				0308AF3A25A32D430005925A /* Profile */,
				0308AF1D25A2FD610005925A /* AppDelegate.swift */,
				0308AF1F25A2FD610005925A /* SceneDelegate.swift */,
				0308AF2625A2FD620005925A /* Assets.xcassets */,
				0308AF2825A2FD620005925A /* LaunchScreen.storyboard */,
				0308AF2B25A2FD620005925A /* Info.plist */,
				035A38FE25F0B7F7003D1216 /* viewcontroller.swift */,
				035A390125F0B913003D1216 /* Validator.swift */,
				035A390425F0B983003D1216 /* FieldValidator.swift */,
				035A390925F0BB1F003D1216 /* view.swift */,
			);
			path = First;
			sourceTree = "<group>";
		};
		0308AF3A25A32D430005925A /* Profile */ = {
			isa = PBXGroup;
			children = (
				0308AF2125A2FD610005925A /* ProfileVC.swift */,
				0308AF3D25A32D900005925A /* ProfileView.swift */,
			);
			path = Profile;
			sourceTree = "<group>";
		};
		0308AF3B25A32D580005925A /* Email */ = {
			isa = PBXGroup;
			children = (
				0308AF3725A31C310005925A /* EmailVC.swift */,
				0308AF4025A40E210005925A /* EmailView.swift */,
			);
			path = Email;
			sourceTree = "<group>";
		};
/* End PBXGroup section */

/* Begin PBXNativeTarget section */
		0308AF1925A2FD610005925A /* First */ = {
			isa = PBXNativeTarget;
			buildConfigurationList = 0308AF2E25A2FD620005925A /* Build configuration list for PBXNativeTarget "First" */;
			buildPhases = (
				0308AF1625A2FD610005925A /* Sources */,
				0308AF1725A2FD610005925A /* Frameworks */,
				0308AF1825A2FD610005925A /* Resources */,
			);
			buildRules = (
			);
			dependencies = (
			);
			name = First;
			productName = First;
			productReference = 0308AF1A25A2FD610005925A /* First.app */;
			productType = "com.apple.product-type.application";
		};
/* End PBXNativeTarget section */

/* Begin PBXProject section */
		0308AF1225A2FD610005925A /* Project object */ = {
			isa = PBXProject;
			attributes = {
				LastSwiftUpdateCheck = 1220;
				LastUpgradeCheck = 1220;
				TargetAttributes = {
					0308AF1925A2FD610005925A = {
						CreatedOnToolsVersion = 12.2;
					};
				};
			};
			buildConfigurationList = 0308AF1525A2FD610005925A /* Build configuration list for PBXProject "First" */;
			compatibilityVersion = "Xcode 9.3";
			developmentRegion = en;
			hasScannedForEncodings = 0;
			knownRegions = (
				en,
				Base,
			);
			mainGroup = 0308AF1125A2FD610005925A;
			productRefGroup = 0308AF1B25A2FD610005925A /* Products */;
			projectDirPath = "";
			projectRoot = "";
			targets = (
				0308AF1925A2FD610005925A /* First */,
			);
		};
/* End PBXProject section */

/* Begin PBXResourcesBuildPhase section */
		0308AF1825A2FD610005925A /* Resources */ = {
			isa = PBXResourcesBuildPhase;
			buildActionMask = 2147483647;
			files = (
				0308AF2A25A2FD620005925A /* LaunchScreen.storyboard in Resources */,
				0308AF2725A2FD620005925A /* Assets.xcassets in Resources */,
			);
			runOnlyForDeploymentPostprocessing = 0;
		};
/* End PBXResourcesBuildPhase section */

/* Begin PBXSourcesBuildPhase section */
		0308AF1625A2FD610005925A /* Sources */ = {
			isa = PBXSourcesBuildPhase;
			buildActionMask = 2147483647;
			files = (
				035A390525F0B983003D1216 /* FieldValidator.swift in Sources */,
				035A390225F0B913003D1216 /* Validator.swift in Sources */,
				0308AF2225A2FD610005925A /* ProfileVC.swift in Sources */,
				035A38FF25F0B7F7003D1216 /* viewcontroller.swift in Sources */,
				0308AF3825A31C310005925A /* EmailVC.swift in Sources */,
				0308AF3E25A32D900005925A /* ProfileView.swift in Sources */,
				0308AF1E25A2FD610005925A /* AppDelegate.swift in Sources */,
				0308AF2025A2FD610005925A /* SceneDelegate.swift in Sources */,
				035A390A25F0BB1F003D1216 /* view.swift in Sources */,
				0308AF4125A40E210005925A /* EmailView.swift in Sources */,
			);
			runOnlyForDeploymentPostprocessing = 0;
		};
/* End PBXSourcesBuildPhase section */

/* Begin PBXVariantGroup section */
		0308AF2825A2FD620005925A /* LaunchScreen.storyboard */ = {
			isa = PBXVariantGroup;
			children = (
				0308AF2925A2FD620005925A /* Base */,
			);
			name = LaunchScreen.storyboard;
			sourceTree = "<group>";
		};
/* End PBXVariantGroup section */

/* Begin XCBuildConfiguration section */
		0308AF2C25A2FD620005925A /* Debug */ = {
			isa = XCBuildConfiguration;
			buildSettings = {
				ALWAYS_SEARCH_USER_PATHS = NO;
				CLANG_ANALYZER_NONNULL = YES;
				CLANG_ANALYZER_NUMBER_OBJECT_CONVERSION = YES_AGGRESSIVE;
				CLANG_CXX_LANGUAGE_STANDARD = "gnu++14";
				CLANG_CXX_LIBRARY = "libc++";
				CLANG_ENABLE_MODULES = YES;
				CLANG_ENABLE_OBJC_ARC = YES;
				CLANG_ENABLE_OBJC_WEAK = YES;
				CLANG_WARN_BLOCK_CAPTURE_AUTORELEASING = YES;
				CLANG_WARN_BOOL_CONVERSION = YES;
				CLANG_WARN_COMMA = YES;
				CLANG_WARN_CONSTANT_CONVERSION = YES;
				CLANG_WARN_DEPRECATED_OBJC_IMPLEMENTATIONS = YES;
				CLANG_WARN_DIRECT_OBJC_ISA_USAGE = YES_ERROR;
				CLANG_WARN_DOCUMENTATION_COMMENTS = YES;
				CLANG_WARN_EMPTY_BODY = YES;
				CLANG_WARN_ENUM_CONVERSION = YES;
				CLANG_WARN_INFINITE_RECURSION = YES;
				CLANG_WARN_INT_CONVERSION = YES;
				CLANG_WARN_NON_LITERAL_NULL_CONVERSION = YES;
				CLANG_WARN_OBJC_IMPLICIT_RETAIN_SELF = YES;
				CLANG_WARN_OBJC_LITERAL_CONVERSION = YES;
				CLANG_WARN_OBJC_ROOT_CLASS = YES_ERROR;
				CLANG_WARN_QUOTED_INCLUDE_IN_FRAMEWORK_HEADER = YES;
				CLANG_WARN_RANGE_LOOP_ANALYSIS = YES;
				CLANG_WARN_STRICT_PROTOTYPES = YES;
				CLANG_WARN_SUSPICIOUS_MOVE = YES;
				CLANG_WARN_UNGUARDED_AVAILABILITY = YES_AGGRESSIVE;
				CLANG_WARN_UNREACHABLE_CODE = YES;
				CLANG_WARN__DUPLICATE_METHOD_MATCH = YES;
				COPY_PHASE_STRIP = NO;
				DEBUG_INFORMATION_FORMAT = dwarf;
				ENABLE_STRICT_OBJC_MSGSEND = YES;
				ENABLE_TESTABILITY = YES;
				GCC_C_LANGUAGE_STANDARD = gnu11;
				GCC_DYNAMIC_NO_PIC = NO;
				GCC_NO_COMMON_BLOCKS = YES;
				GCC_OPTIMIZATION_LEVEL = 0;
				GCC_PREPROCESSOR_DEFINITIONS = (
					"DEBUG=1",
					"$(inherited)",
				);
				GCC_WARN_64_TO_32_BIT_CONVERSION = YES;
				GCC_WARN_ABOUT_RETURN_TYPE = YES_ERROR;
				GCC_WARN_UNDECLARED_SELECTOR = YES;
				GCC_WARN_UNINITIALIZED_AUTOS = YES_AGGRESSIVE;
				GCC_WARN_UNUSED_FUNCTION = YES;
				GCC_WARN_UNUSED_VARIABLE = YES;
				IPHONEOS_DEPLOYMENT_TARGET = 14.2;
				MTL_ENABLE_DEBUG_INFO = INCLUDE_SOURCE;
				MTL_FAST_MATH = YES;
				ONLY_ACTIVE_ARCH = YES;
				SDKROOT = iphoneos;
				SWIFT_ACTIVE_COMPILATION_CONDITIONS = DEBUG;
				SWIFT_OPTIMIZATION_LEVEL = "-Onone";
			};
			name = Debug;
		};
		0308AF2D25A2FD620005925A /* Release */ = {
			isa = XCBuildConfiguration;
			buildSettings = {
				ALWAYS_SEARCH_USER_PATHS = NO;
				CLANG_ANALYZER_NONNULL = YES;
				CLANG_ANALYZER_NUMBER_OBJECT_CONVERSION = YES_AGGRESSIVE;
				CLANG_CXX_LANGUAGE_STANDARD = "gnu++14";
				CLANG_CXX_LIBRARY = "libc++";
				CLANG_ENABLE_MODULES = YES;
				CLANG_ENABLE_OBJC_ARC = YES;
				CLANG_ENABLE_OBJC_WEAK = YES;
				CLANG_WARN_BLOCK_CAPTURE_AUTORELEASING = YES;
				CLANG_WARN_BOOL_CONVERSION = YES;
				CLANG_WARN_COMMA = YES;
				CLANG_WARN_CONSTANT_CONVERSION = YES;
				CLANG_WARN_DEPRECATED_OBJC_IMPLEMENTATIONS = YES;
				CLANG_WARN_DIRECT_OBJC_ISA_USAGE = YES_ERROR;
				CLANG_WARN_DOCUMENTATION_COMMENTS = YES;
				CLANG_WARN_EMPTY_BODY = YES;
				CLANG_WARN_ENUM_CONVERSION = YES;
				CLANG_WARN_INFINITE_RECURSION = YES;
				CLANG_WARN_INT_CONVERSION = YES;
				CLANG_WARN_NON_LITERAL_NULL_CONVERSION = YES;
				CLANG_WARN_OBJC_IMPLICIT_RETAIN_SELF = YES;
				CLANG_WARN_OBJC_LITERAL_CONVERSION = YES;
				CLANG_WARN_OBJC_ROOT_CLASS = YES_ERROR;
				CLANG_WARN_QUOTED_INCLUDE_IN_FRAMEWORK_HEADER = YES;
				CLANG_WARN_RANGE_LOOP_ANALYSIS = YES;
				CLANG_WARN_STRICT_PROTOTYPES = YES;
				CLANG_WARN_SUSPICIOUS_MOVE = YES;
				CLANG_WARN_UNGUARDED_AVAILABILITY = YES_AGGRESSIVE;
				CLANG_WARN_UNREACHABLE_CODE = YES;
				CLANG_WARN__DUPLICATE_METHOD_MATCH = YES;
				COPY_PHASE_STRIP = NO;
				DEBUG_INFORMATION_FORMAT = "dwarf-with-dsym";
				ENABLE_NS_ASSERTIONS = NO;
				ENABLE_STRICT_OBJC_MSGSEND = YES;
				GCC_C_LANGUAGE_STANDARD = gnu11;
				GCC_NO_COMMON_BLOCKS = YES;
				GCC_WARN_64_TO_32_BIT_CONVERSION = YES;
				GCC_WARN_ABOUT_RETURN_TYPE = YES_ERROR;
				GCC_WARN_UNDECLARED_SELECTOR = YES;
				GCC_WARN_UNINITIALIZED_AUTOS = YES_AGGRESSIVE;
				GCC_WARN_UNUSED_FUNCTION = YES;
				GCC_WARN_UNUSED_VARIABLE = YES;
				IPHONEOS_DEPLOYMENT_TARGET = 14.2;
				MTL_ENABLE_DEBUG_INFO = NO;
				MTL_FAST_MATH = YES;
				SDKROOT = iphoneos;
				SWIFT_COMPILATION_MODE = wholemodule;
				SWIFT_OPTIMIZATION_LEVEL = "-O";
				VALIDATE_PRODUCT = YES;
			};
			name = Release;
		};
		0308AF2F25A2FD620005925A /* Debug */ = {
			isa = XCBuildConfiguration;
			buildSettings = {
				ASSETCATALOG_COMPILER_APPICON_NAME = AppIcon;
				ASSETCATALOG_COMPILER_GLOBAL_ACCENT_COLOR_NAME = AccentColor;
				CODE_SIGN_STYLE = Automatic;
				DEVELOPMENT_TEAM = PV9SRDAQY6;
				INFOPLIST_FILE = First/Info.plist;
				IPHONEOS_DEPLOYMENT_TARGET = 14.0;
				LD_RUNPATH_SEARCH_PATHS = (
					"$(inherited)",
					"@executable_path/Frameworks",
				);
				PRODUCT_BUNDLE_IDENTIFIER = com.shreeya.first.First;
				PRODUCT_NAME = "$(TARGET_NAME)";
				SWIFT_VERSION = 5.0;
				TARGETED_DEVICE_FAMILY = "1,2";
			};
			name = Debug;
		};
		0308AF3025A2FD620005925A /* Release */ = {
			isa = XCBuildConfiguration;
			buildSettings = {
				ASSETCATALOG_COMPILER_APPICON_NAME = AppIcon;
				ASSETCATALOG_COMPILER_GLOBAL_ACCENT_COLOR_NAME = AccentColor;
				CODE_SIGN_STYLE = Automatic;
				DEVELOPMENT_TEAM = PV9SRDAQY6;
				INFOPLIST_FILE = First/Info.plist;
				IPHONEOS_DEPLOYMENT_TARGET = 14.0;
				LD_RUNPATH_SEARCH_PATHS = (
					"$(inherited)",
					"@executable_path/Frameworks",
				);
				PRODUCT_BUNDLE_IDENTIFIER = com.shreeya.first.First;
				PRODUCT_NAME = "$(TARGET_NAME)";
				SWIFT_VERSION = 5.0;
				TARGETED_DEVICE_FAMILY = "1,2";
			};
			name = Release;
		};
/* End XCBuildConfiguration section */

/* Begin XCConfigurationList section */
		0308AF1525A2FD610005925A /* Build configuration list for PBXProject "First" */ = {
			isa = XCConfigurationList;
			buildConfigurations = (
				0308AF2C25A2FD620005925A /* Debug */,
				0308AF2D25A2FD620005925A /* Release */,
			);
			defaultConfigurationIsVisible = 0;
			defaultConfigurationName = Release;
		};
		0308AF2E25A2FD620005925A /* Build configuration list for PBXNativeTarget "First" */ = {
			isa = XCConfigurationList;
			buildConfigurations = (
				0308AF2F25A2FD620005925A /* Debug */,
				0308AF3025A2FD620005925A /* Release */,
			);
			defaultConfigurationIsVisible = 0;
			defaultConfigurationName = Release;
		};
/* End XCConfigurationList section */
	};
	rootObject = 0308AF1225A2FD610005925A /* Project object */;
}
